
Microsoft Visual Studio Solution File, Format Version 12.00
# Visual Studio Express 2013 for Windows Desktop
VisualStudioVersion = 12.0.21005.1
MinimumVisualStudioVersion = 10.0.40219.1
Project("{FAE04EC0-301F-11D3-BF4B-00C04F79EFBC}") = "WindowsGame3", "WindowsGame3\WindowsGame3\WindowsGame3.csproj", "{651D13BD-CF17-4090-B3F3-2496003DEA22}"
EndProject
Project("{FAE04EC0-301F-11D3-BF4B-00C04F79EFBC}") = "WindowsGame3Content", "WindowsGame3\WindowsGame3Content\WindowsGame3Content.contentproj", "{4F56F5E3-8501-457F-B472-CB27C83F53DF}"
EndProject
Global
	GlobalSection(SolutionConfigurationPlatforms) = preSolution
		Debug|x86 = Debug|x86
		Release|x86 = Release|x86
	EndGlobalSection
	GlobalSection(ProjectConfigurationPlatforms) = postSolution
		{651D13BD-CF17-4090-B3F3-2496003DEA22}.Debug|x86.ActiveCfg = Debug|x86
		{651D13BD-CF17-4090-B3F3-2496003DEA22}.Debug|x86.Build.0 = Debug|x86
		{651D13BD-CF17-4090-B3F3-2496003DEA22}.Release|x86.ActiveCfg = Release|x86
		{651D13BD-CF17-4090-B3F3-2496003DEA22}.Release|x86.Build.0 = Release|x86
		{4F56F5E3-8501-457F-B472-CB27C83F53DF}.Debug|x86.ActiveCfg = Debug|x86
		{4F56F5E3-8501-457F-B472-CB27C83F53DF}.Release|x86.ActiveCfg = Release|x86
	EndGlobalSection
	GlobalSection(SolutionProperties) = preSolution
		HideSolutionNode = FALSE
	EndGlobalSection
EndGlobal
